
Microsoft Visual Studio Solution File, Format Version 12.00
# Visual Studio Version 16
VisualStudioVersion = 16.0.29326.143
MinimumVisualStudioVersion = 10.0.40219.1
Project("{FAE04EC0-301F-11D3-BF4B-00C04F79EFBC}") = "PasswordManager", "PasswordManager\PasswordManager.csproj", "{6BC40A04-D9F4-4B74-847E-3976A74A0EA2}"
EndProject
Global
	GlobalSection(SolutionConfigurationPlatforms) = preSolution
		Debug|Any CPU = Debug|Any CPU
		Release|Any CPU = Release|Any CPU
	EndGlobalSection
	GlobalSection(ProjectConfigurationPlatforms) = postSolution
		{6BC40A04-D9F4-4B74-847E-3976A74A0EA2}.Debug|Any CPU.ActiveCfg = Debug|Any CPU
		{6BC40A04-D9F4-4B74-847E-3976A74A0EA2}.Debug|Any CPU.Build.0 = Debug|Any CPU
		{6BC40A04-D9F4-4B74-847E-3976A74A0EA2}.Release|Any CPU.ActiveCfg = Release|Any CPU
		{6BC40A04-D9F4-4B74-847E-3976A74A0EA2}.Release|Any CPU.Build.0 = Release|Any CPU
	EndGlobalSection
	GlobalSection(SolutionProperties) = preSolution
		HideSolutionNode = FALSE
	EndGlobalSection
	GlobalSection(ExtensibilityGlobals) = postSolution
		SolutionGuid = {3DC4C109-4829-458B-8D76-0AD6CD52C7B6}
	EndGlobalSection
EndGlobal
